
Microsoft Visual Studio Solution File, Format Version 12.00
Project("{FAE04EC0-301F-11D3-BF4B-00C04F79EFBC}") = "IMS.Domain", "IMS.Domain\IMS.Domain.csproj", "{4335781F-0C51-41E3-9204-8239603F6283}"
EndProject
Project("{FAE04EC0-301F-11D3-BF4B-00C04F79EFBC}") = "IMS.Application", "IMS.Application\IMS.Application.csproj", "{59936B29-61DB-475A-91F9-6924767374CA}"
EndProject
Project("{FAE04EC0-301F-11D3-BF4B-00C04F79EFBC}") = "IMS.Infrastructure", "IMS.Infrastructure\IMS.Infrastructure.csproj", "{CBECA055-C102-4E1E-8F24-F3EF862ED6ED}"
EndProject
Project("{FAE04EC0-301F-11D3-BF4B-00C04F79EFBC}") = "IMS.API", "IMS.API\IMS.API.csproj", "{97B5A437-352C-4CCD-93D7-0A05D15FB612}"
EndProject
Global
	GlobalSection(SolutionConfigurationPlatforms) = preSolution
		Debug|Any CPU = Debug|Any CPU
		Release|Any CPU = Release|Any CPU
	EndGlobalSection
	GlobalSection(ProjectConfigurationPlatforms) = postSolution
		{4335781F-0C51-41E3-9204-8239603F6283}.Debug|Any CPU.ActiveCfg = Debug|Any CPU
		{4335781F-0C51-41E3-9204-8239603F6283}.Debug|Any CPU.Build.0 = Debug|Any CPU
		{4335781F-0C51-41E3-9204-8239603F6283}.Release|Any CPU.ActiveCfg = Release|Any CPU
		{4335781F-0C51-41E3-9204-8239603F6283}.Release|Any CPU.Build.0 = Release|Any CPU
		{59936B29-61DB-475A-91F9-6924767374CA}.Debug|Any CPU.ActiveCfg = Debug|Any CPU
		{59936B29-61DB-475A-91F9-6924767374CA}.Debug|Any CPU.Build.0 = Debug|Any CPU
		{59936B29-61DB-475A-91F9-6924767374CA}.Release|Any CPU.ActiveCfg = Release|Any CPU
		{59936B29-61DB-475A-91F9-6924767374CA}.Release|Any CPU.Build.0 = Release|Any CPU
		{CBECA055-C102-4E1E-8F24-F3EF862ED6ED}.Debug|Any CPU.ActiveCfg = Debug|Any CPU
		{CBECA055-C102-4E1E-8F24-F3EF862ED6ED}.Debug|Any CPU.Build.0 = Debug|Any CPU
		{CBECA055-C102-4E1E-8F24-F3EF862ED6ED}.Release|Any CPU.ActiveCfg = Release|Any CPU
		{CBECA055-C102-4E1E-8F24-F3EF862ED6ED}.Release|Any CPU.Build.0 = Release|Any CPU
		{97B5A437-352C-4CCD-93D7-0A05D15FB612}.Debug|Any CPU.ActiveCfg = Debug|Any CPU
		{97B5A437-352C-4CCD-93D7-0A05D15FB612}.Debug|Any CPU.Build.0 = Debug|Any CPU
		{97B5A437-352C-4CCD-93D7-0A05D15FB612}.Release|Any CPU.ActiveCfg = Release|Any CPU
		{97B5A437-352C-4CCD-93D7-0A05D15FB612}.Release|Any CPU.Build.0 = Release|Any CPU
	EndGlobalSection
EndGlobal
